%{
  "amqp": {:hex, :amqp, "1.2.0", "d086308524fc296e09d12bdeb5e7a63f92fc51b7a3a40c08042efa6121fb483b", [:mix], [{:amqp_client, "~> 3.7.11", [hex: :amqp_client, repo: "hexpm", optional: false]}, {:goldrush, "~> 0.1.0", [hex: :goldrush, repo: "hexpm", optional: false]}, {:jsx, "~> 2.9", [hex: :jsx, repo: "hexpm", optional: false]}, {:lager, "~> 3.6.5", [hex: :lager, repo: "hexpm", optional: false]}, {:rabbit_common, "~> 3.7.11", [hex: :rabbit_common, repo: "hexpm", optional: false]}, {:ranch, "~> 1.7", [hex: :ranch, repo: "hexpm", optional: false]}, {:recon, "~> 2.3", [hex: :recon, repo: "hexpm", optional: false]}], "hexpm"},
  "amqp_client": {:hex, :amqp_client, "3.7.11", "e692b3ba59e6df93c13cec5feefb62c956fcdbae341565101c7668375cc387fe", [:make, :rebar3], [{:rabbit_common, "3.7.11", [hex: :rabbit_common, repo: "hexpm", optional: false]}], "hexpm"},
  "connection": {:hex, :connection, "1.0.4", "a1cae72211f0eef17705aaededacac3eb30e6625b04a6117c1b2db6ace7d5976", [:mix], [], "hexpm"},
  "db_connection": {:hex, :db_connection, "2.1.0", "122e2f62c4906bf2e49554f1e64db5030c19229aa40935f33088e7d543aa79d0", [:mix], [{:connection, "~> 1.0.2", [hex: :connection, repo: "hexpm", optional: false]}], "hexpm"},
  "decimal": {:hex, :decimal, "1.8.0", "ca462e0d885f09a1c5a342dbd7c1dcf27ea63548c65a65e67334f4b61803822e", [:mix], [], "hexpm"},
  "ecto": {:hex, :ecto, "3.1.7", "fa21d06ef56cdc2fdaa62574e8c3ba34a2751d44ea34c30bc65f0728421043e5", [:mix], [{:decimal, "~> 1.6", [hex: :decimal, repo: "hexpm", optional: false]}, {:jason, "~> 1.0", [hex: :jason, repo: "hexpm", optional: true]}], "hexpm"},
  "ecto_sql": {:hex, :ecto_sql, "3.1.6", "1e80e30d16138a729c717f73dcb938590bcdb3a4502f3012414d0cbb261045d8", [:mix], [{:db_connection, "~> 2.0", [hex: :db_connection, repo: "hexpm", optional: false]}, {:ecto, "~> 3.1.0", [hex: :ecto, repo: "hexpm", optional: false]}, {:mariaex, "~> 0.9.1", [hex: :mariaex, repo: "hexpm", optional: true]}, {:myxql, "~> 0.2.0", [hex: :myxql, repo: "hexpm", optional: true]}, {:postgrex, "~> 0.14.0 or ~> 0.15.0", [hex: :postgrex, repo: "hexpm", optional: true]}, {:telemetry, "~> 0.4.0", [hex: :telemetry, repo: "hexpm", optional: false]}], "hexpm"},
  "goldrush": {:hex, :goldrush, "0.1.9", "f06e5d5f1277da5c413e84d5a2924174182fb108dabb39d5ec548b27424cd106", [], [], "hexpm"},
  "jsx": {:git, "https://github.com/talentdeficit/jsx", "b1289a16ae3fed51b9f722cbfb6f412c3131f540", [tag: "v2.10.0"]},
  "postgrex": {:hex, :postgrex, "0.14.3", "5754dee2fdf6e9e508cbf49ab138df964278700b764177e8f3871e658b345a1e", [:mix], [{:connection, "~> 1.0", [hex: :connection, repo: "hexpm", optional: false]}, {:db_connection, "~> 2.0", [hex: :db_connection, repo: "hexpm", optional: false]}, {:decimal, "~> 1.5", [hex: :decimal, repo: "hexpm", optional: false]}, {:jason, "~> 1.0", [hex: :jason, repo: "hexpm", optional: true]}], "hexpm"},
  "rabbit_common": {:hex, :rabbit_common, "3.7.11", "dc107a55f6213875264c5ffe014a8d7b34004893d9bc9eb5e16d6c519fb96cf1", [:make, :rebar3], [{:jsx, "2.9.0", [hex: :jsx, repo: "hexpm", optional: false]}, {:lager, "3.6.5", [hex: :lager, repo: "hexpm", optional: false]}, {:ranch, "1.7.1", [hex: :ranch, repo: "hexpm", optional: false]}, {:recon, "2.3.6", [hex: :recon, repo: "hexpm", optional: false]}], "hexpm"},
  "ranch": {:hex, :ranch, "1.7.1", "6b1fab51b49196860b733a49c07604465a47bdb78aa10c1c16a3d199f7f8c881", [:rebar3], [], "hexpm"},
  "recon": {:hex, :recon, "2.3.6", "2bcad0cf621fb277cabbb6413159cd3aa30265c2dee42c968697988b30108604", [:rebar3], [], "hexpm"},
  "telemetry": {:hex, :telemetry, "0.4.0", "8339bee3fa8b91cb84d14c2935f8ecf399ccd87301ad6da6b71c09553834b2ab", [:rebar3], [], "hexpm"},
}
